
Microsoft Visual Studio Solution File, Format Version 12.00
# Visual Studio Version 17
VisualStudioVersion = 17.10.35027.167
MinimumVisualStudioVersion = 10.0.40219.1
Project("{9A19103F-16F7-4668-BE54-9A1E7A4F7556}") = "Moshi.Ecommerce", "Moshi.Ecommerce\Moshi.Ecommerce.csproj", "{11B2B583-A35B-4BDD-8D15-6F42236276B6}"
EndProject
Project("{9A19103F-16F7-4668-BE54-9A1E7A4F7556}") = "Moshi.Blog", "Moshi.Blog\Moshi.Blog.csproj", "{6C1E064C-FBF7-4914-BC94-5E9C79D793C0}"
EndProject
Project("{9A19103F-16F7-4668-BE54-9A1E7A4F7556}") = "Moshi.Blog.Tests", "Moshi.Blog.Tests\Moshi.Blog.Tests.csproj", "{B2A30139-E3AB-49FB-8A50-046F0A3D755D}"
EndProject
Project("{9A19103F-16F7-4668-BE54-9A1E7A4F7556}") = "Moshi.Forums", "Moshi.Forum\Moshi.Forums.csproj", "{5D75C7D5-9D2B-4CFF-99F3-4F592B1F592C}"
EndProject
Project("{9A19103F-16F7-4668-BE54-9A1E7A4F7556}") = "Moshi.WPF", "Moshi.WPF\Moshi.WPF.csproj", "{7E30016F-1217-4781-8959-6BA7C242EE44}"
EndProject
Project("{9A19103F-16F7-4668-BE54-9A1E7A4F7556}") = "Moshi.Explorer", "Moshi.Explorer\Moshi.Explorer.csproj", "{3592C6DC-A4FD-4D9D-BAE2-38EA6E95B8D3}"
EndProject
Project("{2150E333-8FDC-42A3-9474-1A3956D46DE8}") = "Frontends", "Frontends", "{9BE595FB-436E-43FF-90EF-669C21504FF3}"
EndProject
Project("{54A90642-561A-4BB1-A94E-469ADEE60C69}") = "moshi.blog.react", "Frontends\Moshi.Blog.React\moshi.blog.react.esproj", "{9ADC4790-8149-4997-BDCD-D73B940F03BD}"
EndProject
Project("{9A19103F-16F7-4668-BE54-9A1E7A4F7556}") = "Moshi.FrontendShell", "Moshi.FrontendShell\Moshi.FrontendShell.csproj", "{31D83F0B-BBFC-441F-AE75-295484F9FE11}"
EndProject
Project("{54A90642-561A-4BB1-A94E-469ADEE60C69}") = "moshi.forums.react", "Frontends\moshi.forums.react\moshi.forums.react.esproj", "{FD5BBD89-D73F-46FF-A172-CA3151265632}"
EndProject
Project("{2150E333-8FDC-42A3-9474-1A3956D46DE8}") = "Components", "Components", "{E763AA3F-C650-48DE-B950-786223C75EFB}"
EndProject
Project("{9A19103F-16F7-4668-BE54-9A1E7A4F7556}") = "SupaBaseDemo", "SupaBaseDemo\SupaBaseDemo.csproj", "{0389D33D-C5E1-4EDD-BEE3-ED0A622EA509}"
EndProject
Project("{9A19103F-16F7-4668-BE54-9A1E7A4F7556}") = "Auth0Demo", "Auth0Demo\Auth0Demo.csproj", "{ACEC05B5-F893-40DE-9BE2-183C0E32E641}"
EndProject
Project("{9A19103F-16F7-4668-BE54-9A1E7A4F7556}") = "Moshi.Shared", "Moshi.Shared\Moshi.Shared.csproj", "{10041FE4-65EA-4013-99DC-078615BA8733}"
EndProject
Project("{9A19103F-16F7-4668-BE54-9A1E7A4F7556}") = "Moshi.MyAnimeList", "Moshi.MyAnimeList\Moshi.MyAnimeList.csproj", "{8A01AFF9-3C00-4077-B54D-629BD1CF0B29}"
EndProject
Project("{9A19103F-16F7-4668-BE54-9A1E7A4F7556}") = "Moshi.TCG", "Moshi.TCG\Moshi.TCG.csproj", "{E05B9126-B904-464D-BA0A-388E763AAC04}"
EndProject
Project("{FAE04EC0-301F-11D3-BF4B-00C04F79EFBC}") = "Moshi.BookingSystem", "Moshi.BookingSystem\Moshi.BookingSystem.csproj", "{6ECCAA75-1903-409A-8202-358A083BD3DD}"
EndProject
Project("{FAE04EC0-301F-11D3-BF4B-00C04F79EFBC}") = "Moshi.DiscussionBoards", "Moshi.DiscussionBoards\Moshi.DiscussionBoards.csproj", "{8459E89A-F6C5-4681-8A13-0DFBAB07C368}"
EndProject
Project("{FAE04EC0-301F-11D3-BF4B-00C04F79EFBC}") = "Moshi.ThirdPartyMarketplace", "Moshi.ThirdPartyMarketplace\Moshi.ThirdPartyMarketplace.csproj", "{24CDB932-EC54-4DAC-B6E5-FBC4BE91DF0C}"
EndProject
Project("{FAE04EC0-301F-11D3-BF4B-00C04F79EFBC}") = "Moshi.AIChatApp", "Moshi.AIChatApp\Moshi.AIChatApp.csproj", "{3A430A2A-B4F6-4736-B66C-572BAEFABE0A}"
EndProject
Global
	GlobalSection(SolutionConfigurationPlatforms) = preSolution
		Debug|Any CPU = Debug|Any CPU
		Release|Any CPU = Release|Any CPU
	EndGlobalSection
	GlobalSection(ProjectConfigurationPlatforms) = postSolution
		{11B2B583-A35B-4BDD-8D15-6F42236276B6}.Debug|Any CPU.ActiveCfg = Debug|Any CPU
		{11B2B583-A35B-4BDD-8D15-6F42236276B6}.Debug|Any CPU.Build.0 = Debug|Any CPU
		{11B2B583-A35B-4BDD-8D15-6F42236276B6}.Release|Any CPU.ActiveCfg = Release|Any CPU
		{11B2B583-A35B-4BDD-8D15-6F42236276B6}.Release|Any CPU.Build.0 = Release|Any CPU
		{6C1E064C-FBF7-4914-BC94-5E9C79D793C0}.Debug|Any CPU.ActiveCfg = Debug|Any CPU
		{6C1E064C-FBF7-4914-BC94-5E9C79D793C0}.Debug|Any CPU.Build.0 = Debug|Any CPU
		{6C1E064C-FBF7-4914-BC94-5E9C79D793C0}.Release|Any CPU.ActiveCfg = Release|Any CPU
		{6C1E064C-FBF7-4914-BC94-5E9C79D793C0}.Release|Any CPU.Build.0 = Release|Any CPU
		{B2A30139-E3AB-49FB-8A50-046F0A3D755D}.Debug|Any CPU.ActiveCfg = Debug|Any CPU
		{B2A30139-E3AB-49FB-8A50-046F0A3D755D}.Debug|Any CPU.Build.0 = Debug|Any CPU
		{B2A30139-E3AB-49FB-8A50-046F0A3D755D}.Release|Any CPU.ActiveCfg = Release|Any CPU
		{B2A30139-E3AB-49FB-8A50-046F0A3D755D}.Release|Any CPU.Build.0 = Release|Any CPU
		{5D75C7D5-9D2B-4CFF-99F3-4F592B1F592C}.Debug|Any CPU.ActiveCfg = Debug|Any CPU
		{5D75C7D5-9D2B-4CFF-99F3-4F592B1F592C}.Debug|Any CPU.Build.0 = Debug|Any CPU
		{5D75C7D5-9D2B-4CFF-99F3-4F592B1F592C}.Release|Any CPU.ActiveCfg = Release|Any CPU
		{5D75C7D5-9D2B-4CFF-99F3-4F592B1F592C}.Release|Any CPU.Build.0 = Release|Any CPU
		{7E30016F-1217-4781-8959-6BA7C242EE44}.Debug|Any CPU.ActiveCfg = Debug|Any CPU
		{7E30016F-1217-4781-8959-6BA7C242EE44}.Debug|Any CPU.Build.0 = Debug|Any CPU
		{7E30016F-1217-4781-8959-6BA7C242EE44}.Release|Any CPU.ActiveCfg = Release|Any CPU
		{7E30016F-1217-4781-8959-6BA7C242EE44}.Release|Any CPU.Build.0 = Release|Any CPU
		{3592C6DC-A4FD-4D9D-BAE2-38EA6E95B8D3}.Debug|Any CPU.ActiveCfg = Debug|Any CPU
		{3592C6DC-A4FD-4D9D-BAE2-38EA6E95B8D3}.Debug|Any CPU.Build.0 = Debug|Any CPU
		{3592C6DC-A4FD-4D9D-BAE2-38EA6E95B8D3}.Release|Any CPU.ActiveCfg = Release|Any CPU
		{3592C6DC-A4FD-4D9D-BAE2-38EA6E95B8D3}.Release|Any CPU.Build.0 = Release|Any CPU
		{9ADC4790-8149-4997-BDCD-D73B940F03BD}.Debug|Any CPU.ActiveCfg = Debug|Any CPU
		{9ADC4790-8149-4997-BDCD-D73B940F03BD}.Debug|Any CPU.Build.0 = Debug|Any CPU
		{9ADC4790-8149-4997-BDCD-D73B940F03BD}.Debug|Any CPU.Deploy.0 = Debug|Any CPU
		{9ADC4790-8149-4997-BDCD-D73B940F03BD}.Release|Any CPU.ActiveCfg = Release|Any CPU
		{9ADC4790-8149-4997-BDCD-D73B940F03BD}.Release|Any CPU.Build.0 = Release|Any CPU
		{9ADC4790-8149-4997-BDCD-D73B940F03BD}.Release|Any CPU.Deploy.0 = Release|Any CPU
		{31D83F0B-BBFC-441F-AE75-295484F9FE11}.Debug|Any CPU.ActiveCfg = Debug|Any CPU
		{31D83F0B-BBFC-441F-AE75-295484F9FE11}.Debug|Any CPU.Build.0 = Debug|Any CPU
		{31D83F0B-BBFC-441F-AE75-295484F9FE11}.Release|Any CPU.ActiveCfg = Release|Any CPU
		{31D83F0B-BBFC-441F-AE75-295484F9FE11}.Release|Any CPU.Build.0 = Release|Any CPU
		{FD5BBD89-D73F-46FF-A172-CA3151265632}.Debug|Any CPU.ActiveCfg = Debug|Any CPU
		{FD5BBD89-D73F-46FF-A172-CA3151265632}.Debug|Any CPU.Build.0 = Debug|Any CPU
		{FD5BBD89-D73F-46FF-A172-CA3151265632}.Debug|Any CPU.Deploy.0 = Debug|Any CPU
		{FD5BBD89-D73F-46FF-A172-CA3151265632}.Release|Any CPU.ActiveCfg = Release|Any CPU
		{FD5BBD89-D73F-46FF-A172-CA3151265632}.Release|Any CPU.Build.0 = Release|Any CPU
		{FD5BBD89-D73F-46FF-A172-CA3151265632}.Release|Any CPU.Deploy.0 = Release|Any CPU
		{0389D33D-C5E1-4EDD-BEE3-ED0A622EA509}.Debug|Any CPU.ActiveCfg = Debug|Any CPU
		{0389D33D-C5E1-4EDD-BEE3-ED0A622EA509}.Debug|Any CPU.Build.0 = Debug|Any CPU
		{0389D33D-C5E1-4EDD-BEE3-ED0A622EA509}.Release|Any CPU.ActiveCfg = Release|Any CPU
		{0389D33D-C5E1-4EDD-BEE3-ED0A622EA509}.Release|Any CPU.Build.0 = Release|Any CPU
		{ACEC05B5-F893-40DE-9BE2-183C0E32E641}.Debug|Any CPU.ActiveCfg = Debug|Any CPU
		{ACEC05B5-F893-40DE-9BE2-183C0E32E641}.Debug|Any CPU.Build.0 = Debug|Any CPU
		{ACEC05B5-F893-40DE-9BE2-183C0E32E641}.Release|Any CPU.ActiveCfg = Release|Any CPU
		{ACEC05B5-F893-40DE-9BE2-183C0E32E641}.Release|Any CPU.Build.0 = Release|Any CPU
		{10041FE4-65EA-4013-99DC-078615BA8733}.Debug|Any CPU.ActiveCfg = Debug|Any CPU
		{10041FE4-65EA-4013-99DC-078615BA8733}.Debug|Any CPU.Build.0 = Debug|Any CPU
		{10041FE4-65EA-4013-99DC-078615BA8733}.Release|Any CPU.ActiveCfg = Release|Any CPU
		{10041FE4-65EA-4013-99DC-078615BA8733}.Release|Any CPU.Build.0 = Release|Any CPU
		{8A01AFF9-3C00-4077-B54D-629BD1CF0B29}.Debug|Any CPU.ActiveCfg = Debug|Any CPU
		{8A01AFF9-3C00-4077-B54D-629BD1CF0B29}.Debug|Any CPU.Build.0 = Debug|Any CPU
		{8A01AFF9-3C00-4077-B54D-629BD1CF0B29}.Release|Any CPU.ActiveCfg = Release|Any CPU
		{8A01AFF9-3C00-4077-B54D-629BD1CF0B29}.Release|Any CPU.Build.0 = Release|Any CPU
		{E05B9126-B904-464D-BA0A-388E763AAC04}.Debug|Any CPU.ActiveCfg = Debug|Any CPU
		{E05B9126-B904-464D-BA0A-388E763AAC04}.Debug|Any CPU.Build.0 = Debug|Any CPU
		{E05B9126-B904-464D-BA0A-388E763AAC04}.Release|Any CPU.ActiveCfg = Release|Any CPU
		{E05B9126-B904-464D-BA0A-388E763AAC04}.Release|Any CPU.Build.0 = Release|Any CPU
		{6ECCAA75-1903-409A-8202-358A083BD3DD}.Debug|Any CPU.ActiveCfg = Debug|Any CPU
		{6ECCAA75-1903-409A-8202-358A083BD3DD}.Debug|Any CPU.Build.0 = Debug|Any CPU
		{6ECCAA75-1903-409A-8202-358A083BD3DD}.Release|Any CPU.ActiveCfg = Release|Any CPU
		{6ECCAA75-1903-409A-8202-358A083BD3DD}.Release|Any CPU.Build.0 = Release|Any CPU
		{8459E89A-F6C5-4681-8A13-0DFBAB07C368}.Debug|Any CPU.ActiveCfg = Debug|Any CPU
		{8459E89A-F6C5-4681-8A13-0DFBAB07C368}.Debug|Any CPU.Build.0 = Debug|Any CPU
		{8459E89A-F6C5-4681-8A13-0DFBAB07C368}.Release|Any CPU.ActiveCfg = Release|Any CPU
		{8459E89A-F6C5-4681-8A13-0DFBAB07C368}.Release|Any CPU.Build.0 = Release|Any CPU
		{24CDB932-EC54-4DAC-B6E5-FBC4BE91DF0C}.Debug|Any CPU.ActiveCfg = Debug|Any CPU
		{24CDB932-EC54-4DAC-B6E5-FBC4BE91DF0C}.Debug|Any CPU.Build.0 = Debug|Any CPU
		{24CDB932-EC54-4DAC-B6E5-FBC4BE91DF0C}.Release|Any CPU.ActiveCfg = Release|Any CPU
		{24CDB932-EC54-4DAC-B6E5-FBC4BE91DF0C}.Release|Any CPU.Build.0 = Release|Any CPU
		{3A430A2A-B4F6-4736-B66C-572BAEFABE0A}.Debug|Any CPU.ActiveCfg = Debug|Any CPU
		{3A430A2A-B4F6-4736-B66C-572BAEFABE0A}.Debug|Any CPU.Build.0 = Debug|Any CPU
		{3A430A2A-B4F6-4736-B66C-572BAEFABE0A}.Release|Any CPU.ActiveCfg = Release|Any CPU
		{3A430A2A-B4F6-4736-B66C-572BAEFABE0A}.Release|Any CPU.Build.0 = Release|Any CPU
	EndGlobalSection
	GlobalSection(SolutionProperties) = preSolution
		HideSolutionNode = FALSE
	EndGlobalSection
	GlobalSection(NestedProjects) = preSolution
		{9ADC4790-8149-4997-BDCD-D73B940F03BD} = {9BE595FB-436E-43FF-90EF-669C21504FF3}
		{31D83F0B-BBFC-441F-AE75-295484F9FE11} = {9BE595FB-436E-43FF-90EF-669C21504FF3}
		{FD5BBD89-D73F-46FF-A172-CA3151265632} = {9BE595FB-436E-43FF-90EF-669C21504FF3}
		{0389D33D-C5E1-4EDD-BEE3-ED0A622EA509} = {E763AA3F-C650-48DE-B950-786223C75EFB}
		{ACEC05B5-F893-40DE-9BE2-183C0E32E641} = {E763AA3F-C650-48DE-B950-786223C75EFB}
	EndGlobalSection
	GlobalSection(ExtensibilityGlobals) = postSolution
		SolutionGuid = {5931C01C-4D46-42FD-B0F8-3D2431823527}
	EndGlobalSection
EndGlobal
